version = 1
revision = 3
requires-python = ">=3.8"
resolution-markers = [
    "(python_full_version >= '3.13' and platform_machine == 'aarch64' and platform_python_implementation == 'CPython' and sys_platform == 'linux') or (python_full_version >= '3.12' and platform_machine != 'aarch64' and sys_platform == 'linux') or (python_full_version >= '3.12' and platform_python_implementation != 'CPython' and sys_platform == 'linux') or (python_full_version >= '3.12' and sys_platform != 'darwin' and sys_platform != 'linux')",
    "(python_full_version == '3.11.*' and platform_machine != 'aarch64' and sys_platform == 'linux') or (python_full_version == '3.11.*' and platform_python_implementation != 'CPython' and sys_platform == 'linux') or (python_full_version == '3.11.*' and sys_platform != 'darwin' and sys_platform != 'linux')",
    "(python_full_version == '3.10.*' and platform_machine != 'aarch64' and sys_platform == 'linux') or (python_full_version == '3.10.*' and platform_python_implementation != 'CPython' and sys_platform == 'linux') or (python_full_version == '3.10.*' and sys_platform != 'darwin' and sys_platform != 'linux')",
    "(python_full_version == '3.9.*' and platform_machine != 'aarch64' and sys_platform == 'linux') or (python_full_version == '3.9.*' and platform_python_implementation != 'CPython' and sys_platform == 'linux') or (python_full_version == '3.9.*' and sys_platform != 'darwin' and sys_platform != 'linux')",
    "python_full_version < '3.9' and sys_platform != 'darwin'",
    "python_full_version == '3.12.*' and platform_machine == 'aarch64' and platform_python_implementation == 'CPython' and sys_platform == 'linux'",
    "python_full_version == '3.11.*' and platform_machine == 'aarch64' and platform_python_implementation == 'CPython' and sys_platform == 'linux'",
    "python_full_version == '3.10.*' and platform_machine == 'aarch64' and platform_python_implementation == 'CPython' and sys_platform == 'linux'",
    "python_full_version == '3.9.*' and platform_machine == 'aarch64' and platform_python_implementation == 'CPython' and sys_platform == 'linux'",
    "python_full_version >= '3.12' and sys_platform == 'darwin'",
    "python_full_version == '3.11.*' and sys_platform == 'darwin'",
    "python_full_version == '3.10.*' and sys_platform == 'darwin'",
    "python_full_version == '3.9.*' and sys_platform == 'darwin'",
    "python_full_version < '3.9' and sys_platform == 'darwin'",
]

[[package]]
name = "mathformer"
version = "2.0.0"
source = { registry = "https://pypi.org/simple" }
sdist = { url = "https://files.pythonhosted.org/packages/95/a4/bb07ad9267614c4d1053a34753599372de26598df4c92742d496a1fdde2d/mathformer-2.0.0.tar.gz", hash = "sha256:d3b7cd4bc229681e9d07cce93cbf66615f451349138506a54a9433447143d872", size = 116640, upload-time = "2026-02-21T21:37:48.113Z" }
wheels = [
    { url = "https://files.pythonhosted.org/packages/df/4a/3e7fe72a5587175617b694c53ff788cb3ef83565cc5a9adff83b5ae4cab5/mathformer-2.0.0-py3-none-any.whl", hash = "sha256:2b707dc5f9f260848c28046bda8b079008e65c5f11ec67f331e903ca5ce22932", size = 123860, upload-time = "2026-02-21T21:37:46.785Z" },
]

[[package]]
name = "mathformer-calculator"
version = "0.1.0"
source = { virtual = "." }
dependencies = [
    { name = "mathformer" },
]

[package.metadata]
requires-dist = [{ name = "mathformer", specifier = "==2.0.0" }]
